
Microsoft Visual Studio Solution File, Format Version 12.00
# Visual Studio Version 17
VisualStudioVersion = 17.2.32505.173
MinimumVisualStudioVersion = 10.0.40219.1
Project("{FAE04EC0-301F-11D3-BF4B-00C04F79EFBC}") = "MultiBazou", "MultiBazou.csproj", "{C04CDC0D-E0EB-4480-9996-1F1C8B73EE75}"
EndProject
Global
	GlobalSection(SolutionConfigurationPlatforms) = preSolution
		Debug|Any CPU = Debug|Any CPU
		Release|Any CPU = Release|Any CPU
	EndGlobalSection
	GlobalSection(ProjectConfigurationPlatforms) = postSolution
		{C04CDC0D-E0EB-4480-9996-1F1C8B73EE75}.Debug|Any CPU.ActiveCfg = Debug|Any CPU
		{C04CDC0D-E0EB-4480-9996-1F1C8B73EE75}.Debug|Any CPU.Build.0 = Debug|Any CPU
		{C04CDC0D-E0EB-4480-9996-1F1C8B73EE75}.Release|Any CPU.ActiveCfg = Release|Any CPU
		{C04CDC0D-E0EB-4480-9996-1F1C8B73EE75}.Release|Any CPU.Build.0 = Release|Any CPU
	EndGlobalSection
	GlobalSection(SolutionProperties) = preSolution
		HideSolutionNode = FALSE
	EndGlobalSection
	GlobalSection(ExtensibilityGlobals) = postSolution
		SolutionGuid = {FEE243BA-7A7C-40C2-AE2F-2475E48DAEF2}
	EndGlobalSection
EndGlobal
