
Microsoft Visual Studio Solution File, Format Version 12.00
# Visual Studio Version 17
VisualStudioVersion = 17.2.32505.173
MinimumVisualStudioVersion = 10.0.40219.1
Project("{FAE04EC0-301F-11D3-BF4B-00C04F79EFBC}") = "MultiBazou", "MultiBazou.csproj", "{B93E6693-3D2A-4F4F-BB08-A071358CAFCA}"
EndProject
Global
	GlobalSection(SolutionConfigurationPlatforms) = preSolution
		Debug|Any CPU = Debug|Any CPU
		Release|Any CPU = Release|Any CPU
	EndGlobalSection
	GlobalSection(ProjectConfigurationPlatforms) = postSolution
		{B93E6693-3D2A-4F4F-BB08-A071358CAFCA}.Debug|Any CPU.ActiveCfg = Debug|Any CPU
		{B93E6693-3D2A-4F4F-BB08-A071358CAFCA}.Debug|Any CPU.Build.0 = Debug|Any CPU
		{B93E6693-3D2A-4F4F-BB08-A071358CAFCA}.Release|Any CPU.ActiveCfg = Release|Any CPU
		{B93E6693-3D2A-4F4F-BB08-A071358CAFCA}.Release|Any CPU.Build.0 = Release|Any CPU
	EndGlobalSection
	GlobalSection(SolutionProperties) = preSolution
		HideSolutionNode = FALSE
	EndGlobalSection
	GlobalSection(ExtensibilityGlobals) = postSolution
		SolutionGuid = {A90145C2-76A8-413F-8D3B-A6985C89C970}
	EndGlobalSection
EndGlobal
